
Microsoft Visual Studio Solution File, Format Version 12.00
# Visual Studio Version 16
VisualStudioVersion = 16.0.31105.61
MinimumVisualStudioVersion = 10.0.40219.1
Project("{FAE04EC0-301F-11D3-BF4B-00C04F79EFBC}") = "Northwind.API", "Northwind.API\Northwind.API.csproj", "{98F85983-E64A-4662-88CF-8C52433AA879}"
EndProject
Project("{FAE04EC0-301F-11D3-BF4B-00C04F79EFBC}") = "Northwind.Core", "Northwind.Core\Northwind.Core.csproj", "{CF463881-3016-4A81-8235-AA394B64A1DF}"
EndProject
Project("{FAE04EC0-301F-11D3-BF4B-00C04F79EFBC}") = "Northwind.BLL", "Northwind.BLL\Northwind.BLL.csproj", "{0E95AEF3-82F3-4A29-89B4-C96BBA6AE342}"
EndProject
Project("{FAE04EC0-301F-11D3-BF4B-00C04F79EFBC}") = "Northwind.DAL", "Northwind.DAL\Northwind.DAL.csproj", "{949A9807-2989-474B-9ABF-67E108EF2782}"
EndProject
Global
	GlobalSection(SolutionConfigurationPlatforms) = preSolution
		Debug|Any CPU = Debug|Any CPU
		Release|Any CPU = Release|Any CPU
	EndGlobalSection
	GlobalSection(ProjectConfigurationPlatforms) = postSolution
		{98F85983-E64A-4662-88CF-8C52433AA879}.Debug|Any CPU.ActiveCfg = Debug|Any CPU
		{98F85983-E64A-4662-88CF-8C52433AA879}.Debug|Any CPU.Build.0 = Debug|Any CPU
		{98F85983-E64A-4662-88CF-8C52433AA879}.Release|Any CPU.ActiveCfg = Release|Any CPU
		{98F85983-E64A-4662-88CF-8C52433AA879}.Release|Any CPU.Build.0 = Release|Any CPU
		{CF463881-3016-4A81-8235-AA394B64A1DF}.Debug|Any CPU.ActiveCfg = Debug|Any CPU
		{CF463881-3016-4A81-8235-AA394B64A1DF}.Debug|Any CPU.Build.0 = Debug|Any CPU
		{CF463881-3016-4A81-8235-AA394B64A1DF}.Release|Any CPU.ActiveCfg = Release|Any CPU
		{CF463881-3016-4A81-8235-AA394B64A1DF}.Release|Any CPU.Build.0 = Release|Any CPU
		{0E95AEF3-82F3-4A29-89B4-C96BBA6AE342}.Debug|Any CPU.ActiveCfg = Debug|Any CPU
		{0E95AEF3-82F3-4A29-89B4-C96BBA6AE342}.Debug|Any CPU.Build.0 = Debug|Any CPU
		{0E95AEF3-82F3-4A29-89B4-C96BBA6AE342}.Release|Any CPU.ActiveCfg = Release|Any CPU
		{0E95AEF3-82F3-4A29-89B4-C96BBA6AE342}.Release|Any CPU.Build.0 = Release|Any CPU
		{949A9807-2989-474B-9ABF-67E108EF2782}.Debug|Any CPU.ActiveCfg = Debug|Any CPU
		{949A9807-2989-474B-9ABF-67E108EF2782}.Debug|Any CPU.Build.0 = Debug|Any CPU
		{949A9807-2989-474B-9ABF-67E108EF2782}.Release|Any CPU.ActiveCfg = Release|Any CPU
		{949A9807-2989-474B-9ABF-67E108EF2782}.Release|Any CPU.Build.0 = Release|Any CPU
	EndGlobalSection
	GlobalSection(SolutionProperties) = preSolution
		HideSolutionNode = FALSE
	EndGlobalSection
	GlobalSection(ExtensibilityGlobals) = postSolution
		SolutionGuid = {5CB0A347-4745-4D1F-A603-A89D89E631C8}
	EndGlobalSection
EndGlobal
